
Microsoft Visual Studio Solution File, Format Version 12.00
# Visual Studio Version 17
VisualStudioVersion = 17.0.31903.59
MinimumVisualStudioVersion = 10.0.40219.1
Project("{9A19103F-16F7-4668-BE54-9A1E7A4F7556}") = "DVWA-CSHARP.Web", "DVWA-CSHARP.Web\DVWA-CSHARP.Web.csproj", "{10B3A90A-12D4-457A-A910-896DFB0363E1}"
EndProject
Project("{FAE04EC0-301F-11D3-BF4B-00C04F79EFBC}") = "DVWA-CSHARP.Tests", "DVWA-CSHARP.Tests\DVWA-CSHARP.Tests.csproj", "{E9EE3175-7497-471E-9940-508DEF99C752}"
EndProject
Global
	GlobalSection(SolutionConfigurationPlatforms) = preSolution
		Debug|Any CPU = Debug|Any CPU
		Release|Any CPU = Release|Any CPU
	EndGlobalSection
	GlobalSection(ProjectConfigurationPlatforms) = postSolution
		{10B3A90A-12D4-457A-A910-896DFB0363E1}.Debug|Any CPU.ActiveCfg = Debug|Any CPU
		{10B3A90A-12D4-457A-A910-896DFB0363E1}.Debug|Any CPU.Build.0 = Debug|Any CPU
		{10B3A90A-12D4-457A-A910-896DFB0363E1}.Release|Any CPU.ActiveCfg = Release|Any CPU
		{10B3A90A-12D4-457A-A910-896DFB0363E1}.Release|Any CPU.Build.0 = Release|Any CPU
		{E9EE3175-7497-471E-9940-508DEF99C752}.Debug|Any CPU.ActiveCfg = Debug|Any CPU
		{E9EE3175-7497-471E-9940-508DEF99C752}.Debug|Any CPU.Build.0 = Debug|Any CPU
		{E9EE3175-7497-471E-9940-508DEF99C752}.Release|Any CPU.ActiveCfg = Release|Any CPU
		{E9EE3175-7497-471E-9940-508DEF99C752}.Release|Any CPU.Build.0 = Release|Any CPU
	EndGlobalSection
	GlobalSection(SolutionProperties) = preSolution
		HideSolutionNode = FALSE
	EndGlobalSection
	GlobalSection(ExtensibilityGlobals) = postSolution
		SolutionGuid = {D74957B9-0427-41B7-A85B-97E34D45E99E}
	EndGlobalSection
EndGlobal
